{
  "name": "dash-demo",
  "version": "1.0.0",
  "lockfileVersion": 2,
  "requires": true,
  "packages": {
    "": {
      "name": "dash-demo",
      "version": "1.0.0",
      "license": "ISC",
      "dependencies": {
        "@objectiv/tracker-browser": "^0.0.21"
      }
    },
    "node_modules/@objectiv/developer-tools": {
      "version": "0.0.21",
      "resolved": "https://registry.npmjs.org/@objectiv/developer-tools/-/developer-tools-0.0.21.tgz",
      "integrity": "sha512-rzhzdPQfV8qEcXuWHcjTWZLCYjENTV+0quDFpTBYAkEEwdu247CHnLgJQPT4GOVqwJoUyoAZIACbJZTgN0oX5g==",
      "peerDependencies": {
        "@objectiv/schema": "^0.0.21",
        "@objectiv/tracker-core": "^0.0.21"
      }
    },
    "node_modules/@objectiv/plugin-application-context": {
      "version": "0.0.21",
      "resolved": "https://registry.npmjs.org/@objectiv/plugin-application-context/-/plugin-application-context-0.0.21.tgz",
      "integrity": "sha512-TjlT1HwsOBgNR+T9FjYJevN8zx45kDSyrV6vOpq2WRk/I7lKuOMzjKyez+066+jYmMZiYCxrXN4CtKJxkJHiKw==",
      "peerDependencies": {
        "@objectiv/tracker-core": "^0.0.21"
      }
    },
    "node_modules/@objectiv/plugin-http-context": {
      "version": "0.0.21",
      "resolved": "https://registry.npmjs.org/@objectiv/plugin-http-context/-/plugin-http-context-0.0.21.tgz",
      "integrity": "sha512-WgLMT+zKxlZu6Fh+PJQnCHaydE5yD9EU1NbGGF6Wx1WhTcOQMV43CiruDBxjyxKHikbZ2TguQQRtBKDxp+P1IA==",
      "peerDependencies": {
        "@objectiv/tracker-core": "^0.0.21"
      }
    },
    "node_modules/@objectiv/plugin-path-context-from-url": {
      "version": "0.0.21",
      "resolved": "https://registry.npmjs.org/@objectiv/plugin-path-context-from-url/-/plugin-path-context-from-url-0.0.21.tgz",
      "integrity": "sha512-veDDllCbXqb+eUDenc9q7tDcx2Z3291Tcn/H0sI4HGJT9wVnCqYe8J45oWa4BChEbuclZaVmaHZFVQDbyVXZpQ==",
      "peerDependencies": {
        "@objectiv/tracker-core": "^0.0.21"
      }
    },
    "node_modules/@objectiv/plugin-root-location-context-from-url": {
      "version": "0.0.21",
      "resolved": "https://registry.npmjs.org/@objectiv/plugin-root-location-context-from-url/-/plugin-root-location-context-from-url-0.0.21.tgz",
      "integrity": "sha512-Zd1zhufmrbXJ7MeEVtX7HlRpQBto0k0CrZUIQEZpjCYOwtwI69nIOKynzjBt11D6BKXahhZXFC4eFMXo3CCwPQ==",
      "peerDependencies": {
        "@objectiv/tracker-core": "^0.0.21"
      }
    },
    "node_modules/@objectiv/queue-local-storage": {
      "version": "0.0.21",
      "resolved": "https://registry.npmjs.org/@objectiv/queue-local-storage/-/queue-local-storage-0.0.21.tgz",
      "integrity": "sha512-nuOBKVKFBzp1rKX8OpK7J1TYdpaZBt8s1FAoYYgkOLL+ZvUKVWf6D00qq2Ab2SVwzx35DRFmYBdSVA6nRRpLhg==",
      "dependencies": {
        "@objectiv/tracker-core": "~0.0.21"
      }
    },
    "node_modules/@objectiv/schema": {
      "version": "0.0.21",
      "resolved": "https://registry.npmjs.org/@objectiv/schema/-/schema-0.0.21.tgz",
      "integrity": "sha512-tC9xXwz/z8H8hSMrHcN5ybv/aPTWMA3Do+Jp55/MtMPIbs/FNmFoSlt6xlZN+L6s56XUry+VljXfpM52KXQutg=="
    },
    "node_modules/@objectiv/tracker-browser": {
      "version": "0.0.21",
      "resolved": "https://registry.npmjs.org/@objectiv/tracker-browser/-/tracker-browser-0.0.21.tgz",
      "integrity": "sha512-b7XsbOsuLLyvWi6E7/GzQbfKxMYyntfUZArl1j+SRBTmYPRMxQcnskYXSerK2FSCES7o9z+c2RVqDO8Oi9xhPw==",
      "dependencies": {
        "@objectiv/plugin-http-context": "^0.0.21",
        "@objectiv/plugin-path-context-from-url": "^0.0.21",
        "@objectiv/plugin-root-location-context-from-url": "^0.0.21",
        "@objectiv/queue-local-storage": "^0.0.21",
        "@objectiv/schema": "^0.0.21",
        "@objectiv/tracker-core": "^0.0.21",
        "@objectiv/transport-debug": "^0.0.21",
        "@objectiv/transport-fetch": "^0.0.21",
        "@objectiv/transport-xhr": "^0.0.21"
      }
    },
    "node_modules/@objectiv/tracker-core": {
      "version": "0.0.21",
      "resolved": "https://registry.npmjs.org/@objectiv/tracker-core/-/tracker-core-0.0.21.tgz",
      "integrity": "sha512-yf/qt1c7S5rto5pRVwzx6DtEtpBYDgex7zx+omd8DvNbsk10g0OuHgmPxT3YSy33NFBCkE6sQcyTosD68AVn6A==",
      "dependencies": {
        "@objectiv/developer-tools": "^0.0.21",
        "@objectiv/plugin-application-context": "^0.0.21",
        "@objectiv/schema": "^0.0.21",
        "uuid": "^8.3.2"
      }
    },
    "node_modules/@objectiv/transport-debug": {
      "version": "0.0.21",
      "resolved": "https://registry.npmjs.org/@objectiv/transport-debug/-/transport-debug-0.0.21.tgz",
      "integrity": "sha512-bHb5JPOKWIbg99L9vi480gYjLitTyXwVDprCot0jxb3mbGisuv0wA+8AKsySqQ5pHeB5uu+NRpXinKDmMZX+1Q==",
      "dependencies": {
        "@objectiv/tracker-core": "~0.0.21"
      }
    },
    "node_modules/@objectiv/transport-fetch": {
      "version": "0.0.21",
      "resolved": "https://registry.npmjs.org/@objectiv/transport-fetch/-/transport-fetch-0.0.21.tgz",
      "integrity": "sha512-T1wM6OB5OIucKrcHLQoprPcmwsDyXgAswvMGHPVH9mT6CZKJ8kol/mym+ErlyhAhQaFzM32h0thRg0oPGktqZQ==",
      "dependencies": {
        "@objectiv/tracker-core": "~0.0.21"
      }
    },
    "node_modules/@objectiv/transport-xhr": {
      "version": "0.0.21",
      "resolved": "https://registry.npmjs.org/@objectiv/transport-xhr/-/transport-xhr-0.0.21.tgz",
      "integrity": "sha512-mNuK9sGOXe2BMsYrKAXSeRo/MjuBAFVtJbXv+DOV7RnLvo8I2n1dh31CArEZ0qtWr2l3pO21qE/vwo9pJIz4Bg==",
      "dependencies": {
        "@objectiv/tracker-core": "~0.0.21"
      }
    },
    "node_modules/uuid": {
      "version": "8.3.2",
      "resolved": "https://registry.npmjs.org/uuid/-/uuid-8.3.2.tgz",
      "integrity": "sha512-+NYs2QeMWy+GWFOEm9xnn6HCDp0l7QBD7ml8zLUmJ+93Q5NF0NocErnwkTkXVFNiX3/fpC6afS8Dhb/gz7R7eg==",
      "bin": {
        "uuid": "dist/bin/uuid"
      }
    }
  },
  "dependencies": {
    "@objectiv/developer-tools": {
      "version": "0.0.21",
      "resolved": "https://registry.npmjs.org/@objectiv/developer-tools/-/developer-tools-0.0.21.tgz",
      "integrity": "sha512-rzhzdPQfV8qEcXuWHcjTWZLCYjENTV+0quDFpTBYAkEEwdu247CHnLgJQPT4GOVqwJoUyoAZIACbJZTgN0oX5g==",
      "requires": {}
    },
    "@objectiv/plugin-application-context": {
      "version": "0.0.21",
      "resolved": "https://registry.npmjs.org/@objectiv/plugin-application-context/-/plugin-application-context-0.0.21.tgz",
      "integrity": "sha512-TjlT1HwsOBgNR+T9FjYJevN8zx45kDSyrV6vOpq2WRk/I7lKuOMzjKyez+066+jYmMZiYCxrXN4CtKJxkJHiKw==",
      "requires": {}
    },
    "@objectiv/plugin-http-context": {
      "version": "0.0.21",
      "resolved": "https://registry.npmjs.org/@objectiv/plugin-http-context/-/plugin-http-context-0.0.21.tgz",
      "integrity": "sha512-WgLMT+zKxlZu6Fh+PJQnCHaydE5yD9EU1NbGGF6Wx1WhTcOQMV43CiruDBxjyxKHikbZ2TguQQRtBKDxp+P1IA==",
      "requires": {}
    },
    "@objectiv/plugin-path-context-from-url": {
      "version": "0.0.21",
      "resolved": "https://registry.npmjs.org/@objectiv/plugin-path-context-from-url/-/plugin-path-context-from-url-0.0.21.tgz",
      "integrity": "sha512-veDDllCbXqb+eUDenc9q7tDcx2Z3291Tcn/H0sI4HGJT9wVnCqYe8J45oWa4BChEbuclZaVmaHZFVQDbyVXZpQ==",
      "requires": {}
    },
    "@objectiv/plugin-root-location-context-from-url": {
      "version": "0.0.21",
      "resolved": "https://registry.npmjs.org/@objectiv/plugin-root-location-context-from-url/-/plugin-root-location-context-from-url-0.0.21.tgz",
      "integrity": "sha512-Zd1zhufmrbXJ7MeEVtX7HlRpQBto0k0CrZUIQEZpjCYOwtwI69nIOKynzjBt11D6BKXahhZXFC4eFMXo3CCwPQ==",
      "requires": {}
    },
    "@objectiv/queue-local-storage": {
      "version": "0.0.21",
      "resolved": "https://registry.npmjs.org/@objectiv/queue-local-storage/-/queue-local-storage-0.0.21.tgz",
      "integrity": "sha512-nuOBKVKFBzp1rKX8OpK7J1TYdpaZBt8s1FAoYYgkOLL+ZvUKVWf6D00qq2Ab2SVwzx35DRFmYBdSVA6nRRpLhg==",
      "requires": {
        "@objectiv/tracker-core": "~0.0.21"
      }
    },
    "@objectiv/schema": {
      "version": "0.0.21",
      "resolved": "https://registry.npmjs.org/@objectiv/schema/-/schema-0.0.21.tgz",
      "integrity": "sha512-tC9xXwz/z8H8hSMrHcN5ybv/aPTWMA3Do+Jp55/MtMPIbs/FNmFoSlt6xlZN+L6s56XUry+VljXfpM52KXQutg=="
    },
    "@objectiv/tracker-browser": {
      "version": "0.0.21",
      "resolved": "https://registry.npmjs.org/@objectiv/tracker-browser/-/tracker-browser-0.0.21.tgz",
      "integrity": "sha512-b7XsbOsuLLyvWi6E7/GzQbfKxMYyntfUZArl1j+SRBTmYPRMxQcnskYXSerK2FSCES7o9z+c2RVqDO8Oi9xhPw==",
      "requires": {
        "@objectiv/plugin-http-context": "^0.0.21",
        "@objectiv/plugin-path-context-from-url": "^0.0.21",
        "@objectiv/plugin-root-location-context-from-url": "^0.0.21",
        "@objectiv/queue-local-storage": "^0.0.21",
        "@objectiv/schema": "^0.0.21",
        "@objectiv/tracker-core": "^0.0.21",
        "@objectiv/transport-debug": "^0.0.21",
        "@objectiv/transport-fetch": "^0.0.21",
        "@objectiv/transport-xhr": "^0.0.21"
      }
    },
    "@objectiv/tracker-core": {
      "version": "0.0.21",
      "resolved": "https://registry.npmjs.org/@objectiv/tracker-core/-/tracker-core-0.0.21.tgz",
      "integrity": "sha512-yf/qt1c7S5rto5pRVwzx6DtEtpBYDgex7zx+omd8DvNbsk10g0OuHgmPxT3YSy33NFBCkE6sQcyTosD68AVn6A==",
      "requires": {
        "@objectiv/developer-tools": "^0.0.21",
        "@objectiv/plugin-application-context": "^0.0.21",
        "@objectiv/schema": "^0.0.21",
        "uuid": "^8.3.2"
      }
    },
    "@objectiv/transport-debug": {
      "version": "0.0.21",
      "resolved": "https://registry.npmjs.org/@objectiv/transport-debug/-/transport-debug-0.0.21.tgz",
      "integrity": "sha512-bHb5JPOKWIbg99L9vi480gYjLitTyXwVDprCot0jxb3mbGisuv0wA+8AKsySqQ5pHeB5uu+NRpXinKDmMZX+1Q==",
      "requires": {
        "@objectiv/tracker-core": "~0.0.21"
      }
    },
    "@objectiv/transport-fetch": {
      "version": "0.0.21",
      "resolved": "https://registry.npmjs.org/@objectiv/transport-fetch/-/transport-fetch-0.0.21.tgz",
      "integrity": "sha512-T1wM6OB5OIucKrcHLQoprPcmwsDyXgAswvMGHPVH9mT6CZKJ8kol/mym+ErlyhAhQaFzM32h0thRg0oPGktqZQ==",
      "requires": {
        "@objectiv/tracker-core": "~0.0.21"
      }
    },
    "@objectiv/transport-xhr": {
      "version": "0.0.21",
      "resolved": "https://registry.npmjs.org/@objectiv/transport-xhr/-/transport-xhr-0.0.21.tgz",
      "integrity": "sha512-mNuK9sGOXe2BMsYrKAXSeRo/MjuBAFVtJbXv+DOV7RnLvo8I2n1dh31CArEZ0qtWr2l3pO21qE/vwo9pJIz4Bg==",
      "requires": {
        "@objectiv/tracker-core": "~0.0.21"
      }
    },
    "uuid": {
      "version": "8.3.2",
      "resolved": "https://registry.npmjs.org/uuid/-/uuid-8.3.2.tgz",
      "integrity": "sha512-+NYs2QeMWy+GWFOEm9xnn6HCDp0l7QBD7ml8zLUmJ+93Q5NF0NocErnwkTkXVFNiX3/fpC6afS8Dhb/gz7R7eg=="
    }
  }
}
